// !$*UTF8*$!
{
	archiveVersion = 1;
	classes = {
	};
	objectVersion = 56;
	objects = {

/* Begin PBXBuildFile section */
		AA59808C2A4FC0C30053FF48 /* FirebaseAnalytics in Frameworks */ = {isa = PBXBuildFile; productRef = AA59808B2A4FC0C30053FF48 /* FirebaseAnalytics */; };
		AA59808E2A4FC0C30053FF48 /* FirebaseAuth in Frameworks */ = {isa = PBXBuildFile; productRef = AA59808D2A4FC0C30053FF48 /* FirebaseAuth */; };
		AA5980902A4FC0C30053FF48 /* FirebaseCrashlytics in Frameworks */ = {isa = PBXBuildFile; productRef = AA59808F2A4FC0C30053FF48 /* FirebaseCrashlytics */; };
		AA5980922A4FC0C30053FF48 /* FirebaseFirestore in Frameworks */ = {isa = PBXBuildFile; productRef = AA5980912A4FC0C30053FF48 /* FirebaseFirestore */; };
		AA5980942A4FC0C30053FF48 /* FirebaseFirestoreSwift in Frameworks */ = {isa = PBXBuildFile; productRef = AA5980932A4FC0C30053FF48 /* FirebaseFirestoreSwift */; };
		AA5980962A4FC0DB0053FF48 /* GoogleService-Info.plist in Resources */ = {isa = PBXBuildFile; fileRef = AA5980952A4FC0DB0053FF48 /* GoogleService-Info.plist */; };
		AA59809A2A4FC1940053FF48 /* AuthService.swift in Sources */ = {isa = PBXBuildFile; fileRef = AA5980992A4FC1940053FF48 /* AuthService.swift */; };
		AA59809C2A4FC2630053FF48 /* StartViewModel.swift in Sources */ = {isa = PBXBuildFile; fileRef = AA59809B2A4FC2630053FF48 /* StartViewModel.swift */; };
		AA69297A2A4FAC1D000CC3E8 /* TouchTheNumbersApp.swift in Sources */ = {isa = PBXBuildFile; fileRef = AA6929792A4FAC1D000CC3E8 /* TouchTheNumbersApp.swift */; };
		AA69297C2A4FAC1D000CC3E8 /* PlayView.swift in Sources */ = {isa = PBXBuildFile; fileRef = AA69297B2A4FAC1D000CC3E8 /* PlayView.swift */; };
		AA69297E2A4FAC1E000CC3E8 /* Assets.xcassets in Resources */ = {isa = PBXBuildFile; fileRef = AA69297D2A4FAC1E000CC3E8 /* Assets.xcassets */; };
		AA6929812A4FAC1E000CC3E8 /* Preview Assets.xcassets in Resources */ = {isa = PBXBuildFile; fileRef = AA6929802A4FAC1E000CC3E8 /* Preview Assets.xcassets */; };
		AA6929892A4FAEB7000CC3E8 /* NumberModel.swift in Sources */ = {isa = PBXBuildFile; fileRef = AA6929882A4FAEB7000CC3E8 /* NumberModel.swift */; };
		AA69298B2A4FB244000CC3E8 /* PlayViewModel.swift in Sources */ = {isa = PBXBuildFile; fileRef = AA69298A2A4FB244000CC3E8 /* PlayViewModel.swift */; };
		AA69298D2A4FB988000CC3E8 /* Level.swift in Sources */ = {isa = PBXBuildFile; fileRef = AA69298C2A4FB988000CC3E8 /* Level.swift */; };
		AA6929922A4FB9C5000CC3E8 /* StartView.swift in Sources */ = {isa = PBXBuildFile; fileRef = AA6929912A4FB9C5000CC3E8 /* StartView.swift */; };
/* End PBXBuildFile section */

/* Begin PBXFileReference section */
		AA5980952A4FC0DB0053FF48 /* GoogleService-Info.plist */ = {isa = PBXFileReference; fileEncoding = 4; lastKnownFileType = text.plist.xml; path = "GoogleService-Info.plist"; sourceTree = "<group>"; };
		AA5980992A4FC1940053FF48 /* AuthService.swift */ = {isa = PBXFileReference; lastKnownFileType = sourcecode.swift; path = AuthService.swift; sourceTree = "<group>"; };
		AA59809B2A4FC2630053FF48 /* StartViewModel.swift */ = {isa = PBXFileReference; lastKnownFileType = sourcecode.swift; path = StartViewModel.swift; sourceTree = "<group>"; };
		AA6929762A4FAC1D000CC3E8 /* TouchTheNumbers.app */ = {isa = PBXFileReference; explicitFileType = wrapper.application; includeInIndex = 0; path = TouchTheNumbers.app; sourceTree = BUILT_PRODUCTS_DIR; };
		AA6929792A4FAC1D000CC3E8 /* TouchTheNumbersApp.swift */ = {isa = PBXFileReference; lastKnownFileType = sourcecode.swift; path = TouchTheNumbersApp.swift; sourceTree = "<group>"; };
		AA69297B2A4FAC1D000CC3E8 /* PlayView.swift */ = {isa = PBXFileReference; lastKnownFileType = sourcecode.swift; path = PlayView.swift; sourceTree = "<group>"; };
		AA69297D2A4FAC1E000CC3E8 /* Assets.xcassets */ = {isa = PBXFileReference; lastKnownFileType = folder.assetcatalog; path = Assets.xcassets; sourceTree = "<group>"; };
		AA6929802A4FAC1E000CC3E8 /* Preview Assets.xcassets */ = {isa = PBXFileReference; lastKnownFileType = folder.assetcatalog; path = "Preview Assets.xcassets"; sourceTree = "<group>"; };
		AA6929882A4FAEB7000CC3E8 /* NumberModel.swift */ = {isa = PBXFileReference; lastKnownFileType = sourcecode.swift; path = NumberModel.swift; sourceTree = "<group>"; };
		AA69298A2A4FB244000CC3E8 /* PlayViewModel.swift */ = {isa = PBXFileReference; lastKnownFileType = sourcecode.swift; path = PlayViewModel.swift; sourceTree = "<group>"; };
		AA69298C2A4FB988000CC3E8 /* Level.swift */ = {isa = PBXFileReference; lastKnownFileType = sourcecode.swift; path = Level.swift; sourceTree = "<group>"; };
		AA6929912A4FB9C5000CC3E8 /* StartView.swift */ = {isa = PBXFileReference; lastKnownFileType = sourcecode.swift; path = StartView.swift; sourceTree = "<group>"; };
/* End PBXFileReference section */

/* Begin PBXFrameworksBuildPhase section */
		AA6929732A4FAC1D000CC3E8 /* Frameworks */ = {
			isa = PBXFrameworksBuildPhase;
			buildActionMask = 2147483647;
			files = (
				AA5980942A4FC0C30053FF48 /* FirebaseFirestoreSwift in Frameworks */,
				AA5980902A4FC0C30053FF48 /* FirebaseCrashlytics in Frameworks */,
				AA5980922A4FC0C30053FF48 /* FirebaseFirestore in Frameworks */,
				AA59808C2A4FC0C30053FF48 /* FirebaseAnalytics in Frameworks */,
				AA59808E2A4FC0C30053FF48 /* FirebaseAuth in Frameworks */,
			);
			runOnlyForDeploymentPostprocessing = 0;
		};
/* End PBXFrameworksBuildPhase section */

/* Begin PBXGroup section */
		AA5980982A4FC1870053FF48 /* Service */ = {
			isa = PBXGroup;
			children = (
				AA5980992A4FC1940053FF48 /* AuthService.swift */,
			);
			path = Service;
			sourceTree = "<group>";
		};
		AA69296D2A4FAC1D000CC3E8 = {
			isa = PBXGroup;
			children = (
				AA6929782A4FAC1D000CC3E8 /* TouchTheNumbers */,
				AA6929772A4FAC1D000CC3E8 /* Products */,
			);
			sourceTree = "<group>";
		};
		AA6929772A4FAC1D000CC3E8 /* Products */ = {
			isa = PBXGroup;
			children = (
				AA6929762A4FAC1D000CC3E8 /* TouchTheNumbers.app */,
			);
			name = Products;
			sourceTree = "<group>";
		};
		AA6929782A4FAC1D000CC3E8 /* TouchTheNumbers */ = {
			isa = PBXGroup;
			children = (
				AA6929792A4FAC1D000CC3E8 /* TouchTheNumbersApp.swift */,
				AA5980982A4FC1870053FF48 /* Service */,
				AA6929872A4FAEA7000CC3E8 /* Model */,
				AA69298E2A4FB9A4000CC3E8 /* Views */,
				AA69297D2A4FAC1E000CC3E8 /* Assets.xcassets */,
				AA5980952A4FC0DB0053FF48 /* GoogleService-Info.plist */,
				AA69297F2A4FAC1E000CC3E8 /* Preview Content */,
			);
			path = TouchTheNumbers;
			sourceTree = "<group>";
		};
		AA69297F2A4FAC1E000CC3E8 /* Preview Content */ = {
			isa = PBXGroup;
			children = (
				AA6929802A4FAC1E000CC3E8 /* Preview Assets.xcassets */,
			);
			path = "Preview Content";
			sourceTree = "<group>";
		};
		AA6929872A4FAEA7000CC3E8 /* Model */ = {
			isa = PBXGroup;
			children = (
				AA6929882A4FAEB7000CC3E8 /* NumberModel.swift */,
				AA69298C2A4FB988000CC3E8 /* Level.swift */,
			);
			path = Model;
			sourceTree = "<group>";
		};
		AA69298E2A4FB9A4000CC3E8 /* Views */ = {
			isa = PBXGroup;
			children = (
				AA6929902A4FB9BD000CC3E8 /* Start */,
				AA69298F2A4FB9B3000CC3E8 /* Play */,
			);
			path = Views;
			sourceTree = "<group>";
		};
		AA69298F2A4FB9B3000CC3E8 /* Play */ = {
			isa = PBXGroup;
			children = (
				AA69297B2A4FAC1D000CC3E8 /* PlayView.swift */,
				AA69298A2A4FB244000CC3E8 /* PlayViewModel.swift */,
			);
			path = Play;
			sourceTree = "<group>";
		};
		AA6929902A4FB9BD000CC3E8 /* Start */ = {
			isa = PBXGroup;
			children = (
				AA6929912A4FB9C5000CC3E8 /* StartView.swift */,
				AA59809B2A4FC2630053FF48 /* StartViewModel.swift */,
			);
			path = Start;
			sourceTree = "<group>";
		};
/* End PBXGroup section */

/* Begin PBXNativeTarget section */
		AA6929752A4FAC1D000CC3E8 /* TouchTheNumbers */ = {
			isa = PBXNativeTarget;
			buildConfigurationList = AA6929842A4FAC1E000CC3E8 /* Build configuration list for PBXNativeTarget "TouchTheNumbers" */;
			buildPhases = (
				AA6929722A4FAC1D000CC3E8 /* Sources */,
				AA6929732A4FAC1D000CC3E8 /* Frameworks */,
				AA6929742A4FAC1D000CC3E8 /* Resources */,
			);
			buildRules = (
			);
			dependencies = (
			);
			name = TouchTheNumbers;
			packageProductDependencies = (
				AA59808B2A4FC0C30053FF48 /* FirebaseAnalytics */,
				AA59808D2A4FC0C30053FF48 /* FirebaseAuth */,
				AA59808F2A4FC0C30053FF48 /* FirebaseCrashlytics */,
				AA5980912A4FC0C30053FF48 /* FirebaseFirestore */,
				AA5980932A4FC0C30053FF48 /* FirebaseFirestoreSwift */,
			);
			productName = TouchTheNumbers;
			productReference = AA6929762A4FAC1D000CC3E8 /* TouchTheNumbers.app */;
			productType = "com.apple.product-type.application";
		};
/* End PBXNativeTarget section */

/* Begin PBXProject section */
		AA69296E2A4FAC1D000CC3E8 /* Project object */ = {
			isa = PBXProject;
			attributes = {
				BuildIndependentTargetsInParallel = 1;
				LastSwiftUpdateCheck = 1500;
				LastUpgradeCheck = 1500;
				TargetAttributes = {
					AA6929752A4FAC1D000CC3E8 = {
						CreatedOnToolsVersion = 15.0;
					};
				};
			};
			buildConfigurationList = AA6929712A4FAC1D000CC3E8 /* Build configuration list for PBXProject "TouchTheNumbers" */;
			compatibilityVersion = "Xcode 14.0";
			developmentRegion = en;
			hasScannedForEncodings = 0;
			knownRegions = (
				en,
				Base,
			);
			mainGroup = AA69296D2A4FAC1D000CC3E8;
			packageReferences = (
				AA59808A2A4FC0C30053FF48 /* XCRemoteSwiftPackageReference "firebase-ios-sdk" */,
			);
			productRefGroup = AA6929772A4FAC1D000CC3E8 /* Products */;
			projectDirPath = "";
			projectRoot = "";
			targets = (
				AA6929752A4FAC1D000CC3E8 /* TouchTheNumbers */,
			);
		};
/* End PBXProject section */

/* Begin PBXResourcesBuildPhase section */
		AA6929742A4FAC1D000CC3E8 /* Resources */ = {
			isa = PBXResourcesBuildPhase;
			buildActionMask = 2147483647;
			files = (
				AA6929812A4FAC1E000CC3E8 /* Preview Assets.xcassets in Resources */,
				AA69297E2A4FAC1E000CC3E8 /* Assets.xcassets in Resources */,
				AA5980962A4FC0DB0053FF48 /* GoogleService-Info.plist in Resources */,
			);
			runOnlyForDeploymentPostprocessing = 0;
		};
/* End PBXResourcesBuildPhase section */

/* Begin PBXSourcesBuildPhase section */
		AA6929722A4FAC1D000CC3E8 /* Sources */ = {
			isa = PBXSourcesBuildPhase;
			buildActionMask = 2147483647;
			files = (
				AA69298B2A4FB244000CC3E8 /* PlayViewModel.swift in Sources */,
				AA59809C2A4FC2630053FF48 /* StartViewModel.swift in Sources */,
				AA69297C2A4FAC1D000CC3E8 /* PlayView.swift in Sources */,
				AA69297A2A4FAC1D000CC3E8 /* TouchTheNumbersApp.swift in Sources */,
				AA6929922A4FB9C5000CC3E8 /* StartView.swift in Sources */,
				AA69298D2A4FB988000CC3E8 /* Level.swift in Sources */,
				AA6929892A4FAEB7000CC3E8 /* NumberModel.swift in Sources */,
				AA59809A2A4FC1940053FF48 /* AuthService.swift in Sources */,
			);
			runOnlyForDeploymentPostprocessing = 0;
		};
/* End PBXSourcesBuildPhase section */

/* Begin XCBuildConfiguration section */
		AA6929822A4FAC1E000CC3E8 /* Debug */ = {
			isa = XCBuildConfiguration;
			buildSettings = {
				ALWAYS_SEARCH_USER_PATHS = NO;
				ASSETCATALOG_COMPILER_GENERATE_SWIFT_ASSET_SYMBOL_EXTENSIONS = YES;
				CLANG_ANALYZER_NONNULL = YES;
				CLANG_ANALYZER_NUMBER_OBJECT_CONVERSION = YES_AGGRESSIVE;
				CLANG_CXX_LANGUAGE_STANDARD = "gnu++20";
				CLANG_ENABLE_MODULES = YES;
				CLANG_ENABLE_OBJC_ARC = YES;
				CLANG_ENABLE_OBJC_WEAK = YES;
				CLANG_WARN_BLOCK_CAPTURE_AUTORELEASING = YES;
				CLANG_WARN_BOOL_CONVERSION = YES;
				CLANG_WARN_COMMA = YES;
				CLANG_WARN_CONSTANT_CONVERSION = YES;
				CLANG_WARN_DEPRECATED_OBJC_IMPLEMENTATIONS = YES;
				CLANG_WARN_DIRECT_OBJC_ISA_USAGE = YES_ERROR;
				CLANG_WARN_DOCUMENTATION_COMMENTS = YES;
				CLANG_WARN_EMPTY_BODY = YES;
				CLANG_WARN_ENUM_CONVERSION = YES;
				CLANG_WARN_INFINITE_RECURSION = YES;
				CLANG_WARN_INT_CONVERSION = YES;
				CLANG_WARN_NON_LITERAL_NULL_CONVERSION = YES;
				CLANG_WARN_OBJC_IMPLICIT_RETAIN_SELF = YES;
				CLANG_WARN_OBJC_LITERAL_CONVERSION = YES;
				CLANG_WARN_OBJC_ROOT_CLASS = YES_ERROR;
				CLANG_WARN_QUOTED_INCLUDE_IN_FRAMEWORK_HEADER = YES;
				CLANG_WARN_RANGE_LOOP_ANALYSIS = YES;
				CLANG_WARN_STRICT_PROTOTYPES = YES;
				CLANG_WARN_SUSPICIOUS_MOVE = YES;
				CLANG_WARN_UNGUARDED_AVAILABILITY = YES_AGGRESSIVE;
				CLANG_WARN_UNREACHABLE_CODE = YES;
				CLANG_WARN__DUPLICATE_METHOD_MATCH = YES;
				COPY_PHASE_STRIP = NO;
				DEBUG_INFORMATION_FORMAT = dwarf;
				ENABLE_STRICT_OBJC_MSGSEND = YES;
				ENABLE_TESTABILITY = YES;
				ENABLE_USER_SCRIPT_SANDBOXING = YES;
				GCC_C_LANGUAGE_STANDARD = gnu17;
				GCC_DYNAMIC_NO_PIC = NO;
				GCC_NO_COMMON_BLOCKS = YES;
				GCC_OPTIMIZATION_LEVEL = 0;
				GCC_PREPROCESSOR_DEFINITIONS = (
					"DEBUG=1",
					"$(inherited)",
				);
				GCC_WARN_64_TO_32_BIT_CONVERSION = YES;
				GCC_WARN_ABOUT_RETURN_TYPE = YES_ERROR;
				GCC_WARN_UNDECLARED_SELECTOR = YES;
				GCC_WARN_UNINITIALIZED_AUTOS = YES_AGGRESSIVE;
				GCC_WARN_UNUSED_FUNCTION = YES;
				GCC_WARN_UNUSED_VARIABLE = YES;
				IPHONEOS_DEPLOYMENT_TARGET = 17.0;
				LOCALIZATION_PREFERS_STRING_CATALOGS = YES;
				MTL_ENABLE_DEBUG_INFO = INCLUDE_SOURCE;
				MTL_FAST_MATH = YES;
				ONLY_ACTIVE_ARCH = YES;
				SDKROOT = iphoneos;
				SWIFT_ACTIVE_COMPILATION_CONDITIONS = "DEBUG $(inherited)";
				SWIFT_OPTIMIZATION_LEVEL = "-Onone";
			};
			name = Debug;
		};
		AA6929832A4FAC1E000CC3E8 /* Release */ = {
			isa = XCBuildConfiguration;
			buildSettings = {
				ALWAYS_SEARCH_USER_PATHS = NO;
				ASSETCATALOG_COMPILER_GENERATE_SWIFT_ASSET_SYMBOL_EXTENSIONS = YES;
				CLANG_ANALYZER_NONNULL = YES;
				CLANG_ANALYZER_NUMBER_OBJECT_CONVERSION = YES_AGGRESSIVE;
				CLANG_CXX_LANGUAGE_STANDARD = "gnu++20";
				CLANG_ENABLE_MODULES = YES;
				CLANG_ENABLE_OBJC_ARC = YES;
				CLANG_ENABLE_OBJC_WEAK = YES;
				CLANG_WARN_BLOCK_CAPTURE_AUTORELEASING = YES;
				CLANG_WARN_BOOL_CONVERSION = YES;
				CLANG_WARN_COMMA = YES;
				CLANG_WARN_CONSTANT_CONVERSION = YES;
				CLANG_WARN_DEPRECATED_OBJC_IMPLEMENTATIONS = YES;
				CLANG_WARN_DIRECT_OBJC_ISA_USAGE = YES_ERROR;
				CLANG_WARN_DOCUMENTATION_COMMENTS = YES;
				CLANG_WARN_EMPTY_BODY = YES;
				CLANG_WARN_ENUM_CONVERSION = YES;
				CLANG_WARN_INFINITE_RECURSION = YES;
				CLANG_WARN_INT_CONVERSION = YES;
				CLANG_WARN_NON_LITERAL_NULL_CONVERSION = YES;
				CLANG_WARN_OBJC_IMPLICIT_RETAIN_SELF = YES;
				CLANG_WARN_OBJC_LITERAL_CONVERSION = YES;
				CLANG_WARN_OBJC_ROOT_CLASS = YES_ERROR;
				CLANG_WARN_QUOTED_INCLUDE_IN_FRAMEWORK_HEADER = YES;
				CLANG_WARN_RANGE_LOOP_ANALYSIS = YES;
				CLANG_WARN_STRICT_PROTOTYPES = YES;
				CLANG_WARN_SUSPICIOUS_MOVE = YES;
				CLANG_WARN_UNGUARDED_AVAILABILITY = YES_AGGRESSIVE;
				CLANG_WARN_UNREACHABLE_CODE = YES;
				CLANG_WARN__DUPLICATE_METHOD_MATCH = YES;
				COPY_PHASE_STRIP = NO;
				DEBUG_INFORMATION_FORMAT = "dwarf-with-dsym";
				ENABLE_NS_ASSERTIONS = NO;
				ENABLE_STRICT_OBJC_MSGSEND = YES;
				ENABLE_USER_SCRIPT_SANDBOXING = YES;
				GCC_C_LANGUAGE_STANDARD = gnu17;
				GCC_NO_COMMON_BLOCKS = YES;
				GCC_WARN_64_TO_32_BIT_CONVERSION = YES;
				GCC_WARN_ABOUT_RETURN_TYPE = YES_ERROR;
				GCC_WARN_UNDECLARED_SELECTOR = YES;
				GCC_WARN_UNINITIALIZED_AUTOS = YES_AGGRESSIVE;
				GCC_WARN_UNUSED_FUNCTION = YES;
				GCC_WARN_UNUSED_VARIABLE = YES;
				IPHONEOS_DEPLOYMENT_TARGET = 17.0;
				LOCALIZATION_PREFERS_STRING_CATALOGS = YES;
				MTL_ENABLE_DEBUG_INFO = NO;
				MTL_FAST_MATH = YES;
				SDKROOT = iphoneos;
				SWIFT_COMPILATION_MODE = wholemodule;
				VALIDATE_PRODUCT = YES;
			};
			name = Release;
		};
		AA6929852A4FAC1E000CC3E8 /* Debug */ = {
			isa = XCBuildConfiguration;
			buildSettings = {
				ASSETCATALOG_COMPILER_APPICON_NAME = AppIcon;
				ASSETCATALOG_COMPILER_GLOBAL_ACCENT_COLOR_NAME = AccentColor;
				CODE_SIGN_STYLE = Automatic;
				CURRENT_PROJECT_VERSION = 1;
				DEVELOPMENT_ASSET_PATHS = "\"TouchTheNumbers/Preview Content\"";
				DEVELOPMENT_TEAM = A93B2TPWBT;
				ENABLE_PREVIEWS = YES;
				GENERATE_INFOPLIST_FILE = YES;
				INFOPLIST_KEY_UIApplicationSceneManifest_Generation = YES;
				INFOPLIST_KEY_UIApplicationSupportsIndirectInputEvents = YES;
				INFOPLIST_KEY_UILaunchScreen_Generation = YES;
				INFOPLIST_KEY_UISupportedInterfaceOrientations_iPad = "UIInterfaceOrientationPortrait UIInterfaceOrientationPortraitUpsideDown UIInterfaceOrientationLandscapeLeft UIInterfaceOrientationLandscapeRight";
				INFOPLIST_KEY_UISupportedInterfaceOrientations_iPhone = "UIInterfaceOrientationPortrait UIInterfaceOrientationLandscapeLeft UIInterfaceOrientationLandscapeRight";
				LD_RUNPATH_SEARCH_PATHS = (
					"$(inherited)",
					"@executable_path/Frameworks",
				);
				MARKETING_VERSION = 1.0;
				PRODUCT_BUNDLE_IDENTIFIER = com.tsuzuki817.TouchTheNumbers;
				PRODUCT_NAME = "$(TARGET_NAME)";
				SWIFT_EMIT_LOC_STRINGS = YES;
				SWIFT_VERSION = 5.0;
				TARGETED_DEVICE_FAMILY = "1,2";
			};
			name = Debug;
		};
		AA6929862A4FAC1E000CC3E8 /* Release */ = {
			isa = XCBuildConfiguration;
			buildSettings = {
				ASSETCATALOG_COMPILER_APPICON_NAME = AppIcon;
				ASSETCATALOG_COMPILER_GLOBAL_ACCENT_COLOR_NAME = AccentColor;
				CODE_SIGN_STYLE = Automatic;
				CURRENT_PROJECT_VERSION = 1;
				DEVELOPMENT_ASSET_PATHS = "\"TouchTheNumbers/Preview Content\"";
				DEVELOPMENT_TEAM = A93B2TPWBT;
				ENABLE_PREVIEWS = YES;
				GENERATE_INFOPLIST_FILE = YES;
				INFOPLIST_KEY_UIApplicationSceneManifest_Generation = YES;
				INFOPLIST_KEY_UIApplicationSupportsIndirectInputEvents = YES;
				INFOPLIST_KEY_UILaunchScreen_Generation = YES;
				INFOPLIST_KEY_UISupportedInterfaceOrientations_iPad = "UIInterfaceOrientationPortrait UIInterfaceOrientationPortraitUpsideDown UIInterfaceOrientationLandscapeLeft UIInterfaceOrientationLandscapeRight";
				INFOPLIST_KEY_UISupportedInterfaceOrientations_iPhone = "UIInterfaceOrientationPortrait UIInterfaceOrientationLandscapeLeft UIInterfaceOrientationLandscapeRight";
				LD_RUNPATH_SEARCH_PATHS = (
					"$(inherited)",
					"@executable_path/Frameworks",
				);
				MARKETING_VERSION = 1.0;
				PRODUCT_BUNDLE_IDENTIFIER = com.tsuzuki817.TouchTheNumbers;
				PRODUCT_NAME = "$(TARGET_NAME)";
				SWIFT_EMIT_LOC_STRINGS = YES;
				SWIFT_VERSION = 5.0;
				TARGETED_DEVICE_FAMILY = "1,2";
			};
			name = Release;
		};
/* End XCBuildConfiguration section */

/* Begin XCConfigurationList section */
		AA6929712A4FAC1D000CC3E8 /* Build configuration list for PBXProject "TouchTheNumbers" */ = {
			isa = XCConfigurationList;
			buildConfigurations = (
				AA6929822A4FAC1E000CC3E8 /* Debug */,
				AA6929832A4FAC1E000CC3E8 /* Release */,
			);
			defaultConfigurationIsVisible = 0;
			defaultConfigurationName = Release;
		};
		AA6929842A4FAC1E000CC3E8 /* Build configuration list for PBXNativeTarget "TouchTheNumbers" */ = {
			isa = XCConfigurationList;
			buildConfigurations = (
				AA6929852A4FAC1E000CC3E8 /* Debug */,
				AA6929862A4FAC1E000CC3E8 /* Release */,
			);
			defaultConfigurationIsVisible = 0;
			defaultConfigurationName = Release;
		};
/* End XCConfigurationList section */

/* Begin XCRemoteSwiftPackageReference section */
		AA59808A2A4FC0C30053FF48 /* XCRemoteSwiftPackageReference "firebase-ios-sdk" */ = {
			isa = XCRemoteSwiftPackageReference;
			repositoryURL = "https://github.com/firebase/firebase-ios-sdk.git";
			requirement = {
				kind = upToNextMajorVersion;
				minimumVersion = 10.11.0;
			};
		};
/* End XCRemoteSwiftPackageReference section */

/* Begin XCSwiftPackageProductDependency section */
		AA59808B2A4FC0C30053FF48 /* FirebaseAnalytics */ = {
			isa = XCSwiftPackageProductDependency;
			package = AA59808A2A4FC0C30053FF48 /* XCRemoteSwiftPackageReference "firebase-ios-sdk" */;
			productName = FirebaseAnalytics;
		};
		AA59808D2A4FC0C30053FF48 /* FirebaseAuth */ = {
			isa = XCSwiftPackageProductDependency;
			package = AA59808A2A4FC0C30053FF48 /* XCRemoteSwiftPackageReference "firebase-ios-sdk" */;
			productName = FirebaseAuth;
		};
		AA59808F2A4FC0C30053FF48 /* FirebaseCrashlytics */ = {
			isa = XCSwiftPackageProductDependency;
			package = AA59808A2A4FC0C30053FF48 /* XCRemoteSwiftPackageReference "firebase-ios-sdk" */;
			productName = FirebaseCrashlytics;
		};
		AA5980912A4FC0C30053FF48 /* FirebaseFirestore */ = {
			isa = XCSwiftPackageProductDependency;
			package = AA59808A2A4FC0C30053FF48 /* XCRemoteSwiftPackageReference "firebase-ios-sdk" */;
			productName = FirebaseFirestore;
		};
		AA5980932A4FC0C30053FF48 /* FirebaseFirestoreSwift */ = {
			isa = XCSwiftPackageProductDependency;
			package = AA59808A2A4FC0C30053FF48 /* XCRemoteSwiftPackageReference "firebase-ios-sdk" */;
			productName = FirebaseFirestoreSwift;
		};
/* End XCSwiftPackageProductDependency section */
	};
	rootObject = AA69296E2A4FAC1D000CC3E8 /* Project object */;
}
